
Microsoft Visual Studio Solution File, Format Version 12.00
# Visual Studio Version 16
VisualStudioVersion = 16.0.29411.108
MinimumVisualStudioVersion = 10.0.40219.1
Project("{9A19103F-16F7-4668-BE54-9A1E7A4F7556}") = "RangersPlayoffStatusChecker", "RangersPlayoffStatusChecker.csproj", "{F63E1355-42E5-41F2-A5A3-19F1357F762C}"
EndProject
Global
	GlobalSection(SolutionConfigurationPlatforms) = preSolution
		Debug|Any CPU = Debug|Any CPU
		Release|Any CPU = Release|Any CPU
	EndGlobalSection
	GlobalSection(ProjectConfigurationPlatforms) = postSolution
		{F63E1355-42E5-41F2-A5A3-19F1357F762C}.Debug|Any CPU.ActiveCfg = Debug|Any CPU
		{F63E1355-42E5-41F2-A5A3-19F1357F762C}.Debug|Any CPU.Build.0 = Debug|Any CPU
		{F63E1355-42E5-41F2-A5A3-19F1357F762C}.Release|Any CPU.ActiveCfg = Release|Any CPU
		{F63E1355-42E5-41F2-A5A3-19F1357F762C}.Release|Any CPU.Build.0 = Release|Any CPU
	EndGlobalSection
	GlobalSection(SolutionProperties) = preSolution
		HideSolutionNode = FALSE
	EndGlobalSection
	GlobalSection(ExtensibilityGlobals) = postSolution
		SolutionGuid = {0DA928B0-CEA7-49E6-8FD5-A5D04520B483}
	EndGlobalSection
EndGlobal
